// !$*UTF8*$!
{
	archiveVersion = 1;
	classes = {
	};
	objectVersion = 50;
	objects = {

/* Begin PBXBuildFile section */
		F2A8EEBB23ED66EB003D0D4A /* AppDelegate.swift in Sources */ = {isa = PBXBuildFile; fileRef = F2A8EEBA23ED66EB003D0D4A /* AppDelegate.swift */; };
		F2A8EEBD23ED66EB003D0D4A /* SceneDelegate.swift in Sources */ = {isa = PBXBuildFile; fileRef = F2A8EEBC23ED66EB003D0D4A /* SceneDelegate.swift */; };
		F2A8EEBF23ED66EB003D0D4A /* ContentView.swift in Sources */ = {isa = PBXBuildFile; fileRef = F2A8EEBE23ED66EB003D0D4A /* ContentView.swift */; };
		F2A8EEC123ED66F5003D0D4A /* Assets.xcassets in Resources */ = {isa = PBXBuildFile; fileRef = F2A8EEC023ED66F5003D0D4A /* Assets.xcassets */; };
		F2A8EEC423ED66F5003D0D4A /* Preview Assets.xcassets in Resources */ = {isa = PBXBuildFile; fileRef = F2A8EEC323ED66F5003D0D4A /* Preview Assets.xcassets */; };
		F2A8EEC723ED66F5003D0D4A /* LaunchScreen.storyboard in Resources */ = {isa = PBXBuildFile; fileRef = F2A8EEC523ED66F5003D0D4A /* LaunchScreen.storyboard */; };
		F2A8EED023ED6813003D0D4A /* MapView.swift in Sources */ = {isa = PBXBuildFile; fileRef = F2A8EECF23ED6813003D0D4A /* MapView.swift */; };
		F2A8EED423ED9582003D0D4A /* FileManagerExtension.swift in Sources */ = {isa = PBXBuildFile; fileRef = F2A8EED323ED9582003D0D4A /* FileManagerExtension.swift */; };
		F2A8EED623ED9CD7003D0D4A /* DocumentPicker.swift in Sources */ = {isa = PBXBuildFile; fileRef = F2A8EED523ED9CD7003D0D4A /* DocumentPicker.swift */; };
		F2A8EEDB23EEFA37003D0D4A /* Location.swift in Sources */ = {isa = PBXBuildFile; fileRef = F2A8EEDA23EEFA36003D0D4A /* Location.swift */; };
/* End PBXBuildFile section */

/* Begin PBXFileReference section */
		F2A8EEB723ED66EB003D0D4A /* GPXRouteCreator.app */ = {isa = PBXFileReference; explicitFileType = wrapper.application; includeInIndex = 0; path = GPXRouteCreator.app; sourceTree = BUILT_PRODUCTS_DIR; };
		F2A8EEBA23ED66EB003D0D4A /* AppDelegate.swift */ = {isa = PBXFileReference; lastKnownFileType = sourcecode.swift; path = AppDelegate.swift; sourceTree = "<group>"; };
		F2A8EEBC23ED66EB003D0D4A /* SceneDelegate.swift */ = {isa = PBXFileReference; lastKnownFileType = sourcecode.swift; path = SceneDelegate.swift; sourceTree = "<group>"; };
		F2A8EEBE23ED66EB003D0D4A /* ContentView.swift */ = {isa = PBXFileReference; lastKnownFileType = sourcecode.swift; path = ContentView.swift; sourceTree = "<group>"; };
		F2A8EEC023ED66F5003D0D4A /* Assets.xcassets */ = {isa = PBXFileReference; lastKnownFileType = folder.assetcatalog; path = Assets.xcassets; sourceTree = "<group>"; };
		F2A8EEC323ED66F5003D0D4A /* Preview Assets.xcassets */ = {isa = PBXFileReference; lastKnownFileType = folder.assetcatalog; path = "Preview Assets.xcassets"; sourceTree = "<group>"; };
		F2A8EEC623ED66F5003D0D4A /* Base */ = {isa = PBXFileReference; lastKnownFileType = file.storyboard; name = Base; path = Base.lproj/LaunchScreen.storyboard; sourceTree = "<group>"; };
		F2A8EEC823ED66F5003D0D4A /* Info.plist */ = {isa = PBXFileReference; lastKnownFileType = text.plist.xml; path = Info.plist; sourceTree = "<group>"; };
		F2A8EECE23ED6726003D0D4A /* GPXRouteCreator.entitlements */ = {isa = PBXFileReference; lastKnownFileType = text.plist.entitlements; path = GPXRouteCreator.entitlements; sourceTree = "<group>"; };
		F2A8EECF23ED6813003D0D4A /* MapView.swift */ = {isa = PBXFileReference; lastKnownFileType = sourcecode.swift; path = MapView.swift; sourceTree = "<group>"; };
		F2A8EED323ED9582003D0D4A /* FileManagerExtension.swift */ = {isa = PBXFileReference; lastKnownFileType = sourcecode.swift; path = FileManagerExtension.swift; sourceTree = "<group>"; };
		F2A8EED523ED9CD7003D0D4A /* DocumentPicker.swift */ = {isa = PBXFileReference; lastKnownFileType = sourcecode.swift; path = DocumentPicker.swift; sourceTree = "<group>"; };
		F2A8EEDA23EEFA36003D0D4A /* Location.swift */ = {isa = PBXFileReference; fileEncoding = 4; lastKnownFileType = sourcecode.swift; path = Location.swift; sourceTree = "<group>"; };
/* End PBXFileReference section */

/* Begin PBXFrameworksBuildPhase section */
		F2A8EEB423ED66EB003D0D4A /* Frameworks */ = {
			isa = PBXFrameworksBuildPhase;
			buildActionMask = 2147483647;
			files = (
			);
			runOnlyForDeploymentPostprocessing = 0;
		};
/* End PBXFrameworksBuildPhase section */

/* Begin PBXGroup section */
		F2A8EEAE23ED66EB003D0D4A = {
			isa = PBXGroup;
			children = (
				F2A8EEB923ED66EB003D0D4A /* GPXRouteCreator */,
				F2A8EEB823ED66EB003D0D4A /* Products */,
			);
			sourceTree = "<group>";
		};
		F2A8EEB823ED66EB003D0D4A /* Products */ = {
			isa = PBXGroup;
			children = (
				F2A8EEB723ED66EB003D0D4A /* GPXRouteCreator.app */,
			);
			name = Products;
			sourceTree = "<group>";
		};
		F2A8EEB923ED66EB003D0D4A /* GPXRouteCreator */ = {
			isa = PBXGroup;
			children = (
				F2A8EECE23ED6726003D0D4A /* GPXRouteCreator.entitlements */,
				F2A8EEBA23ED66EB003D0D4A /* AppDelegate.swift */,
				F2A8EEBC23ED66EB003D0D4A /* SceneDelegate.swift */,
				F2A8EEBE23ED66EB003D0D4A /* ContentView.swift */,
				F2A8EECF23ED6813003D0D4A /* MapView.swift */,
				F2A8EED523ED9CD7003D0D4A /* DocumentPicker.swift */,
				F2A8EED323ED9582003D0D4A /* FileManagerExtension.swift */,
				F2A8EED923EEFA36003D0D4A /* Model */,
				F2A8EEC023ED66F5003D0D4A /* Assets.xcassets */,
				F2A8EEC523ED66F5003D0D4A /* LaunchScreen.storyboard */,
				F2A8EEC823ED66F5003D0D4A /* Info.plist */,
				F2A8EEC223ED66F5003D0D4A /* Preview Content */,
			);
			path = GPXRouteCreator;
			sourceTree = "<group>";
		};
		F2A8EEC223ED66F5003D0D4A /* Preview Content */ = {
			isa = PBXGroup;
			children = (
				F2A8EEC323ED66F5003D0D4A /* Preview Assets.xcassets */,
			);
			path = "Preview Content";
			sourceTree = "<group>";
		};
		F2A8EED923EEFA36003D0D4A /* Model */ = {
			isa = PBXGroup;
			children = (
				F2A8EEDA23EEFA36003D0D4A /* Location.swift */,
			);
			path = Model;
			sourceTree = "<group>";
		};
/* End PBXGroup section */

/* Begin PBXNativeTarget section */
		F2A8EEB623ED66EB003D0D4A /* GPXRouteCreator */ = {
			isa = PBXNativeTarget;
			buildConfigurationList = F2A8EECB23ED66F5003D0D4A /* Build configuration list for PBXNativeTarget "GPXRouteCreator" */;
			buildPhases = (
				F2A8EEB323ED66EB003D0D4A /* Sources */,
				F2A8EEB423ED66EB003D0D4A /* Frameworks */,
				F2A8EEB523ED66EB003D0D4A /* Resources */,
			);
			buildRules = (
			);
			dependencies = (
			);
			name = GPXRouteCreator;
			productName = GPXRouteCreator;
			productReference = F2A8EEB723ED66EB003D0D4A /* GPXRouteCreator.app */;
			productType = "com.apple.product-type.application";
		};
/* End PBXNativeTarget section */

/* Begin PBXProject section */
		F2A8EEAF23ED66EB003D0D4A /* Project object */ = {
			isa = PBXProject;
			attributes = {
				LastSwiftUpdateCheck = 1140;
				LastUpgradeCheck = 1140;
				ORGANIZATIONNAME = dasdom;
				TargetAttributes = {
					F2A8EEB623ED66EB003D0D4A = {
						CreatedOnToolsVersion = 11.4;
					};
				};
			};
			buildConfigurationList = F2A8EEB223ED66EB003D0D4A /* Build configuration list for PBXProject "GPXRouteCreator" */;
			compatibilityVersion = "Xcode 9.3";
			developmentRegion = en;
			hasScannedForEncodings = 0;
			knownRegions = (
				en,
				Base,
			);
			mainGroup = F2A8EEAE23ED66EB003D0D4A;
			productRefGroup = F2A8EEB823ED66EB003D0D4A /* Products */;
			projectDirPath = "";
			projectRoot = "";
			targets = (
				F2A8EEB623ED66EB003D0D4A /* GPXRouteCreator */,
			);
		};
/* End PBXProject section */

/* Begin PBXResourcesBuildPhase section */
		F2A8EEB523ED66EB003D0D4A /* Resources */ = {
			isa = PBXResourcesBuildPhase;
			buildActionMask = 2147483647;
			files = (
				F2A8EEC723ED66F5003D0D4A /* LaunchScreen.storyboard in Resources */,
				F2A8EEC423ED66F5003D0D4A /* Preview Assets.xcassets in Resources */,
				F2A8EEC123ED66F5003D0D4A /* Assets.xcassets in Resources */,
			);
			runOnlyForDeploymentPostprocessing = 0;
		};
/* End PBXResourcesBuildPhase section */

/* Begin PBXSourcesBuildPhase section */
		F2A8EEB323ED66EB003D0D4A /* Sources */ = {
			isa = PBXSourcesBuildPhase;
			buildActionMask = 2147483647;
			files = (
				F2A8EEBB23ED66EB003D0D4A /* AppDelegate.swift in Sources */,
				F2A8EED423ED9582003D0D4A /* FileManagerExtension.swift in Sources */,
				F2A8EEDB23EEFA37003D0D4A /* Location.swift in Sources */,
				F2A8EED023ED6813003D0D4A /* MapView.swift in Sources */,
				F2A8EEBD23ED66EB003D0D4A /* SceneDelegate.swift in Sources */,
				F2A8EEBF23ED66EB003D0D4A /* ContentView.swift in Sources */,
				F2A8EED623ED9CD7003D0D4A /* DocumentPicker.swift in Sources */,
			);
			runOnlyForDeploymentPostprocessing = 0;
		};
/* End PBXSourcesBuildPhase section */

/* Begin PBXVariantGroup section */
		F2A8EEC523ED66F5003D0D4A /* LaunchScreen.storyboard */ = {
			isa = PBXVariantGroup;
			children = (
				F2A8EEC623ED66F5003D0D4A /* Base */,
			);
			name = LaunchScreen.storyboard;
			sourceTree = "<group>";
		};
/* End PBXVariantGroup section */

/* Begin XCBuildConfiguration section */
		F2A8EEC923ED66F5003D0D4A /* Debug */ = {
			isa = XCBuildConfiguration;
			buildSettings = {
				ALWAYS_SEARCH_USER_PATHS = NO;
				CLANG_ANALYZER_NONNULL = YES;
				CLANG_ANALYZER_NUMBER_OBJECT_CONVERSION = YES_AGGRESSIVE;
				CLANG_CXX_LANGUAGE_STANDARD = "gnu++14";
				CLANG_CXX_LIBRARY = "libc++";
				CLANG_ENABLE_MODULES = YES;
				CLANG_ENABLE_OBJC_ARC = YES;
				CLANG_ENABLE_OBJC_WEAK = YES;
				CLANG_WARN_BLOCK_CAPTURE_AUTORELEASING = YES;
				CLANG_WARN_BOOL_CONVERSION = YES;
				CLANG_WARN_COMMA = YES;
				CLANG_WARN_CONSTANT_CONVERSION = YES;
				CLANG_WARN_DEPRECATED_OBJC_IMPLEMENTATIONS = YES;
				CLANG_WARN_DIRECT_OBJC_ISA_USAGE = YES_ERROR;
				CLANG_WARN_DOCUMENTATION_COMMENTS = YES;
				CLANG_WARN_EMPTY_BODY = YES;
				CLANG_WARN_ENUM_CONVERSION = YES;
				CLANG_WARN_INFINITE_RECURSION = YES;
				CLANG_WARN_INT_CONVERSION = YES;
				CLANG_WARN_NON_LITERAL_NULL_CONVERSION = YES;
				CLANG_WARN_OBJC_IMPLICIT_RETAIN_SELF = YES;
				CLANG_WARN_OBJC_LITERAL_CONVERSION = YES;
				CLANG_WARN_OBJC_ROOT_CLASS = YES_ERROR;
				CLANG_WARN_RANGE_LOOP_ANALYSIS = YES;
				CLANG_WARN_STRICT_PROTOTYPES = YES;
				CLANG_WARN_SUSPICIOUS_MOVE = YES;
				CLANG_WARN_UNGUARDED_AVAILABILITY = YES_AGGRESSIVE;
				CLANG_WARN_UNREACHABLE_CODE = YES;
				CLANG_WARN__DUPLICATE_METHOD_MATCH = YES;
				COPY_PHASE_STRIP = NO;
				DEBUG_INFORMATION_FORMAT = dwarf;
				ENABLE_STRICT_OBJC_MSGSEND = YES;
				ENABLE_TESTABILITY = YES;
				GCC_C_LANGUAGE_STANDARD = gnu11;
				GCC_DYNAMIC_NO_PIC = NO;
				GCC_NO_COMMON_BLOCKS = YES;
				GCC_OPTIMIZATION_LEVEL = 0;
				GCC_PREPROCESSOR_DEFINITIONS = (
					"DEBUG=1",
					"$(inherited)",
				);
				GCC_WARN_64_TO_32_BIT_CONVERSION = YES;
				GCC_WARN_ABOUT_RETURN_TYPE = YES_ERROR;
				GCC_WARN_UNDECLARED_SELECTOR = YES;
				GCC_WARN_UNINITIALIZED_AUTOS = YES_AGGRESSIVE;
				GCC_WARN_UNUSED_FUNCTION = YES;
				GCC_WARN_UNUSED_VARIABLE = YES;
				IPHONEOS_DEPLOYMENT_TARGET = 13.4;
				MTL_ENABLE_DEBUG_INFO = INCLUDE_SOURCE;
				MTL_FAST_MATH = YES;
				ONLY_ACTIVE_ARCH = YES;
				SDKROOT = iphoneos;
				SWIFT_ACTIVE_COMPILATION_CONDITIONS = DEBUG;
				SWIFT_OPTIMIZATION_LEVEL = "-Onone";
			};
			name = Debug;
		};
		F2A8EECA23ED66F5003D0D4A /* Release */ = {
			isa = XCBuildConfiguration;
			buildSettings = {
				ALWAYS_SEARCH_USER_PATHS = NO;
				CLANG_ANALYZER_NONNULL = YES;
				CLANG_ANALYZER_NUMBER_OBJECT_CONVERSION = YES_AGGRESSIVE;
				CLANG_CXX_LANGUAGE_STANDARD = "gnu++14";
				CLANG_CXX_LIBRARY = "libc++";
				CLANG_ENABLE_MODULES = YES;
				CLANG_ENABLE_OBJC_ARC = YES;
				CLANG_ENABLE_OBJC_WEAK = YES;
				CLANG_WARN_BLOCK_CAPTURE_AUTORELEASING = YES;
				CLANG_WARN_BOOL_CONVERSION = YES;
				CLANG_WARN_COMMA = YES;
				CLANG_WARN_CONSTANT_CONVERSION = YES;
				CLANG_WARN_DEPRECATED_OBJC_IMPLEMENTATIONS = YES;
				CLANG_WARN_DIRECT_OBJC_ISA_USAGE = YES_ERROR;
				CLANG_WARN_DOCUMENTATION_COMMENTS = YES;
				CLANG_WARN_EMPTY_BODY = YES;
				CLANG_WARN_ENUM_CONVERSION = YES;
				CLANG_WARN_INFINITE_RECURSION = YES;
				CLANG_WARN_INT_CONVERSION = YES;
				CLANG_WARN_NON_LITERAL_NULL_CONVERSION = YES;
				CLANG_WARN_OBJC_IMPLICIT_RETAIN_SELF = YES;
				CLANG_WARN_OBJC_LITERAL_CONVERSION = YES;
				CLANG_WARN_OBJC_ROOT_CLASS = YES_ERROR;
				CLANG_WARN_RANGE_LOOP_ANALYSIS = YES;
				CLANG_WARN_STRICT_PROTOTYPES = YES;
				CLANG_WARN_SUSPICIOUS_MOVE = YES;
				CLANG_WARN_UNGUARDED_AVAILABILITY = YES_AGGRESSIVE;
				CLANG_WARN_UNREACHABLE_CODE = YES;
				CLANG_WARN__DUPLICATE_METHOD_MATCH = YES;
				COPY_PHASE_STRIP = NO;
				DEBUG_INFORMATION_FORMAT = "dwarf-with-dsym";
				ENABLE_NS_ASSERTIONS = NO;
				ENABLE_STRICT_OBJC_MSGSEND = YES;
				GCC_C_LANGUAGE_STANDARD = gnu11;
				GCC_NO_COMMON_BLOCKS = YES;
				GCC_WARN_64_TO_32_BIT_CONVERSION = YES;
				GCC_WARN_ABOUT_RETURN_TYPE = YES_ERROR;
				GCC_WARN_UNDECLARED_SELECTOR = YES;
				GCC_WARN_UNINITIALIZED_AUTOS = YES_AGGRESSIVE;
				GCC_WARN_UNUSED_FUNCTION = YES;
				GCC_WARN_UNUSED_VARIABLE = YES;
				IPHONEOS_DEPLOYMENT_TARGET = 13.4;
				MTL_ENABLE_DEBUG_INFO = NO;
				MTL_FAST_MATH = YES;
				SDKROOT = iphoneos;
				SWIFT_COMPILATION_MODE = wholemodule;
				SWIFT_OPTIMIZATION_LEVEL = "-O";
				VALIDATE_PRODUCT = YES;
			};
			name = Release;
		};
		F2A8EECC23ED66F5003D0D4A /* Debug */ = {
			isa = XCBuildConfiguration;
			buildSettings = {
				ASSETCATALOG_COMPILER_APPICON_NAME = AppIcon;
				CODE_SIGN_ENTITLEMENTS = GPXRouteCreator/GPXRouteCreator.entitlements;
				CODE_SIGN_STYLE = Automatic;
				DEVELOPMENT_ASSET_PATHS = "\"GPXRouteCreator/Preview Content\"";
				DEVELOPMENT_TEAM = Q6PD97MRX4;
				ENABLE_PREVIEWS = YES;
				INFOPLIST_FILE = GPXRouteCreator/Info.plist;
				IPHONEOS_DEPLOYMENT_TARGET = 13.0;
				LD_RUNPATH_SEARCH_PATHS = (
					"$(inherited)",
					"@executable_path/Frameworks",
				);
				PRODUCT_BUNDLE_IDENTIFIER = de.dasdom.GPXRouteCreator;
				PRODUCT_NAME = "$(TARGET_NAME)";
				SUPPORTS_MACCATALYST = YES;
				SWIFT_VERSION = 5.0;
				TARGETED_DEVICE_FAMILY = 2;
			};
			name = Debug;
		};
		F2A8EECD23ED66F5003D0D4A /* Release */ = {
			isa = XCBuildConfiguration;
			buildSettings = {
				ASSETCATALOG_COMPILER_APPICON_NAME = AppIcon;
				CODE_SIGN_ENTITLEMENTS = GPXRouteCreator/GPXRouteCreator.entitlements;
				CODE_SIGN_STYLE = Automatic;
				DEVELOPMENT_ASSET_PATHS = "\"GPXRouteCreator/Preview Content\"";
				DEVELOPMENT_TEAM = Q6PD97MRX4;
				ENABLE_PREVIEWS = YES;
				INFOPLIST_FILE = GPXRouteCreator/Info.plist;
				IPHONEOS_DEPLOYMENT_TARGET = 13.0;
				LD_RUNPATH_SEARCH_PATHS = (
					"$(inherited)",
					"@executable_path/Frameworks",
				);
				PRODUCT_BUNDLE_IDENTIFIER = de.dasdom.GPXRouteCreator;
				PRODUCT_NAME = "$(TARGET_NAME)";
				SUPPORTS_MACCATALYST = YES;
				SWIFT_VERSION = 5.0;
				TARGETED_DEVICE_FAMILY = 2;
			};
			name = Release;
		};
/* End XCBuildConfiguration section */

/* Begin XCConfigurationList section */
		F2A8EEB223ED66EB003D0D4A /* Build configuration list for PBXProject "GPXRouteCreator" */ = {
			isa = XCConfigurationList;
			buildConfigurations = (
				F2A8EEC923ED66F5003D0D4A /* Debug */,
				F2A8EECA23ED66F5003D0D4A /* Release */,
			);
			defaultConfigurationIsVisible = 0;
			defaultConfigurationName = Release;
		};
		F2A8EECB23ED66F5003D0D4A /* Build configuration list for PBXNativeTarget "GPXRouteCreator" */ = {
			isa = XCConfigurationList;
			buildConfigurations = (
				F2A8EECC23ED66F5003D0D4A /* Debug */,
				F2A8EECD23ED66F5003D0D4A /* Release */,
			);
			defaultConfigurationIsVisible = 0;
			defaultConfigurationName = Release;
		};
/* End XCConfigurationList section */
	};
	rootObject = F2A8EEAF23ED66EB003D0D4A /* Project object */;
}
